// !$*UTF8*$!
{
	archiveVersion = 1;
	classes = {
	};
	objectVersion = 56;
	objects = {

/* Begin PBXBuildFile section */
		614F6E132CFBEE3600C12AC7 /* videoPlayerApp.swift in Sources */ = {isa = PBXBuildFile; fileRef = 614F6E122CFBEE3600C12AC7 /* videoPlayerApp.swift */; };
		614F6E152CFBEE3600C12AC7 /* ContentView.swift in Sources */ = {isa = PBXBuildFile; fileRef = 614F6E142CFBEE3600C12AC7 /* ContentView.swift */; };
		614F6E172CFBEE3700C12AC7 /* Assets.xcassets in Resources */ = {isa = PBXBuildFile; fileRef = 614F6E162CFBEE3700C12AC7 /* Assets.xcassets */; };
		614F6E1A2CFBEE3700C12AC7 /* Preview Assets.xcassets in Resources */ = {isa = PBXBuildFile; fileRef = 614F6E192CFBEE3700C12AC7 /* Preview Assets.xcassets */; };
		614F6E242CFBEE3700C12AC7 /* videoPlayerTests.swift in Sources */ = {isa = PBXBuildFile; fileRef = 614F6E232CFBEE3700C12AC7 /* videoPlayerTests.swift */; };
		614F6E2E2CFBEE3700C12AC7 /* videoPlayerUITests.swift in Sources */ = {isa = PBXBuildFile; fileRef = 614F6E2D2CFBEE3700C12AC7 /* videoPlayerUITests.swift */; };
		614F6E302CFBEE3700C12AC7 /* videoPlayerUITestsLaunchTests.swift in Sources */ = {isa = PBXBuildFile; fileRef = 614F6E2F2CFBEE3700C12AC7 /* videoPlayerUITestsLaunchTests.swift */; };
		6165341E2CFBEFB5006DA5E8 /* ComposableArchitecture in Frameworks */ = {isa = PBXBuildFile; productRef = 6165341D2CFBEFB5006DA5E8 /* ComposableArchitecture */; };
		616534202CFBF0E2006DA5E8 /* File.swift in Sources */ = {isa = PBXBuildFile; fileRef = 6165341F2CFBF0E2006DA5E8 /* File.swift */; };
		616534222CFBF103006DA5E8 /* Filea.swift in Sources */ = {isa = PBXBuildFile; fileRef = 616534212CFBF103006DA5E8 /* Filea.swift */; };
		616534242CFBF126006DA5E8 /* v.swift in Sources */ = {isa = PBXBuildFile; fileRef = 616534232CFBF126006DA5E8 /* v.swift */; };
		616534262CFBF154006DA5E8 /* a.swift in Sources */ = {isa = PBXBuildFile; fileRef = 616534252CFBF154006DA5E8 /* a.swift */; };
		616534282CFBF183006DA5E8 /* z.swift in Sources */ = {isa = PBXBuildFile; fileRef = 616534272CFBF183006DA5E8 /* z.swift */; };
/* End PBXBuildFile section */

/* Begin PBXContainerItemProxy section */
		614F6E202CFBEE3700C12AC7 /* PBXContainerItemProxy */ = {
			isa = PBXContainerItemProxy;
			containerPortal = 614F6E072CFBEE3600C12AC7 /* Project object */;
			proxyType = 1;
			remoteGlobalIDString = 614F6E0E2CFBEE3600C12AC7;
			remoteInfo = videoPlayer;
		};
		614F6E2A2CFBEE3700C12AC7 /* PBXContainerItemProxy */ = {
			isa = PBXContainerItemProxy;
			containerPortal = 614F6E072CFBEE3600C12AC7 /* Project object */;
			proxyType = 1;
			remoteGlobalIDString = 614F6E0E2CFBEE3600C12AC7;
			remoteInfo = videoPlayer;
		};
/* End PBXContainerItemProxy section */

/* Begin PBXFileReference section */
		614F6E0F2CFBEE3600C12AC7 /* videoPlayer.app */ = {isa = PBXFileReference; explicitFileType = wrapper.application; includeInIndex = 0; path = videoPlayer.app; sourceTree = BUILT_PRODUCTS_DIR; };
		614F6E122CFBEE3600C12AC7 /* videoPlayerApp.swift */ = {isa = PBXFileReference; lastKnownFileType = sourcecode.swift; path = videoPlayerApp.swift; sourceTree = "<group>"; };
		614F6E142CFBEE3600C12AC7 /* ContentView.swift */ = {isa = PBXFileReference; lastKnownFileType = sourcecode.swift; path = ContentView.swift; sourceTree = "<group>"; };
		614F6E162CFBEE3700C12AC7 /* Assets.xcassets */ = {isa = PBXFileReference; lastKnownFileType = folder.assetcatalog; path = Assets.xcassets; sourceTree = "<group>"; };
		614F6E192CFBEE3700C12AC7 /* Preview Assets.xcassets */ = {isa = PBXFileReference; lastKnownFileType = folder.assetcatalog; path = "Preview Assets.xcassets"; sourceTree = "<group>"; };
		614F6E1F2CFBEE3700C12AC7 /* videoPlayerTests.xctest */ = {isa = PBXFileReference; explicitFileType = wrapper.cfbundle; includeInIndex = 0; path = videoPlayerTests.xctest; sourceTree = BUILT_PRODUCTS_DIR; };
		614F6E232CFBEE3700C12AC7 /* videoPlayerTests.swift */ = {isa = PBXFileReference; lastKnownFileType = sourcecode.swift; path = videoPlayerTests.swift; sourceTree = "<group>"; };
		614F6E292CFBEE3700C12AC7 /* videoPlayerUITests.xctest */ = {isa = PBXFileReference; explicitFileType = wrapper.cfbundle; includeInIndex = 0; path = videoPlayerUITests.xctest; sourceTree = BUILT_PRODUCTS_DIR; };
		614F6E2D2CFBEE3700C12AC7 /* videoPlayerUITests.swift */ = {isa = PBXFileReference; lastKnownFileType = sourcecode.swift; path = videoPlayerUITests.swift; sourceTree = "<group>"; };
		614F6E2F2CFBEE3700C12AC7 /* videoPlayerUITestsLaunchTests.swift */ = {isa = PBXFileReference; lastKnownFileType = sourcecode.swift; path = videoPlayerUITestsLaunchTests.swift; sourceTree = "<group>"; };
		6165341F2CFBF0E2006DA5E8 /* File.swift */ = {isa = PBXFileReference; lastKnownFileType = sourcecode.swift; path = File.swift; sourceTree = "<group>"; };
		616534212CFBF103006DA5E8 /* Filea.swift */ = {isa = PBXFileReference; lastKnownFileType = sourcecode.swift; path = Filea.swift; sourceTree = "<group>"; };
		616534232CFBF126006DA5E8 /* v.swift */ = {isa = PBXFileReference; lastKnownFileType = sourcecode.swift; path = v.swift; sourceTree = "<group>"; };
		616534252CFBF154006DA5E8 /* a.swift */ = {isa = PBXFileReference; lastKnownFileType = sourcecode.swift; path = a.swift; sourceTree = "<group>"; };
		616534272CFBF183006DA5E8 /* z.swift */ = {isa = PBXFileReference; lastKnownFileType = sourcecode.swift; path = z.swift; sourceTree = "<group>"; };
/* End PBXFileReference section */

/* Begin PBXFrameworksBuildPhase section */
		614F6E0C2CFBEE3600C12AC7 /* Frameworks */ = {
			isa = PBXFrameworksBuildPhase;
			buildActionMask = 2147483647;
			files = (
				6165341E2CFBEFB5006DA5E8 /* ComposableArchitecture in Frameworks */,
			);
			runOnlyForDeploymentPostprocessing = 0;
		};
		614F6E1C2CFBEE3700C12AC7 /* Frameworks */ = {
			isa = PBXFrameworksBuildPhase;
			buildActionMask = 2147483647;
			files = (
			);
			runOnlyForDeploymentPostprocessing = 0;
		};
		614F6E262CFBEE3700C12AC7 /* Frameworks */ = {
			isa = PBXFrameworksBuildPhase;
			buildActionMask = 2147483647;
			files = (
			);
			runOnlyForDeploymentPostprocessing = 0;
		};
/* End PBXFrameworksBuildPhase section */

/* Begin PBXGroup section */
		614F6E062CFBEE3600C12AC7 = {
			isa = PBXGroup;
			children = (
				614F6E112CFBEE3600C12AC7 /* videoPlayer */,
				614F6E222CFBEE3700C12AC7 /* videoPlayerTests */,
				614F6E2C2CFBEE3700C12AC7 /* videoPlayerUITests */,
				614F6E102CFBEE3600C12AC7 /* Products */,
			);
			sourceTree = "<group>";
		};
		614F6E102CFBEE3600C12AC7 /* Products */ = {
			isa = PBXGroup;
			children = (
				614F6E0F2CFBEE3600C12AC7 /* videoPlayer.app */,
				614F6E1F2CFBEE3700C12AC7 /* videoPlayerTests.xctest */,
				614F6E292CFBEE3700C12AC7 /* videoPlayerUITests.xctest */,
			);
			name = Products;
			sourceTree = "<group>";
		};
		614F6E112CFBEE3600C12AC7 /* videoPlayer */ = {
			isa = PBXGroup;
			children = (
				614F6E122CFBEE3600C12AC7 /* videoPlayerApp.swift */,
				614F6E142CFBEE3600C12AC7 /* ContentView.swift */,
				614F6E162CFBEE3700C12AC7 /* Assets.xcassets */,
				614F6E182CFBEE3700C12AC7 /* Preview Content */,
				6165341F2CFBF0E2006DA5E8 /* File.swift */,
				616534212CFBF103006DA5E8 /* Filea.swift */,
				616534232CFBF126006DA5E8 /* v.swift */,
				616534252CFBF154006DA5E8 /* a.swift */,
				616534272CFBF183006DA5E8 /* z.swift */,
			);
			path = videoPlayer;
			sourceTree = "<group>";
		};
		614F6E182CFBEE3700C12AC7 /* Preview Content */ = {
			isa = PBXGroup;
			children = (
				614F6E192CFBEE3700C12AC7 /* Preview Assets.xcassets */,
			);
			path = "Preview Content";
			sourceTree = "<group>";
		};
		614F6E222CFBEE3700C12AC7 /* videoPlayerTests */ = {
			isa = PBXGroup;
			children = (
				614F6E232CFBEE3700C12AC7 /* videoPlayerTests.swift */,
			);
			path = videoPlayerTests;
			sourceTree = "<group>";
		};
		614F6E2C2CFBEE3700C12AC7 /* videoPlayerUITests */ = {
			isa = PBXGroup;
			children = (
				614F6E2D2CFBEE3700C12AC7 /* videoPlayerUITests.swift */,
				614F6E2F2CFBEE3700C12AC7 /* videoPlayerUITestsLaunchTests.swift */,
			);
			path = videoPlayerUITests;
			sourceTree = "<group>";
		};
/* End PBXGroup section */

/* Begin PBXNativeTarget section */
		614F6E0E2CFBEE3600C12AC7 /* videoPlayer */ = {
			isa = PBXNativeTarget;
			buildConfigurationList = 614F6E332CFBEE3700C12AC7 /* Build configuration list for PBXNativeTarget "videoPlayer" */;
			buildPhases = (
				614F6E0B2CFBEE3600C12AC7 /* Sources */,
				614F6E0C2CFBEE3600C12AC7 /* Frameworks */,
				614F6E0D2CFBEE3600C12AC7 /* Resources */,
			);
			buildRules = (
			);
			dependencies = (
			);
			name = videoPlayer;
			packageProductDependencies = (
				6165341D2CFBEFB5006DA5E8 /* ComposableArchitecture */,
			);
			productName = videoPlayer;
			productReference = 614F6E0F2CFBEE3600C12AC7 /* videoPlayer.app */;
			productType = "com.apple.product-type.application";
		};
		614F6E1E2CFBEE3700C12AC7 /* videoPlayerTests */ = {
			isa = PBXNativeTarget;
			buildConfigurationList = 614F6E362CFBEE3700C12AC7 /* Build configuration list for PBXNativeTarget "videoPlayerTests" */;
			buildPhases = (
				614F6E1B2CFBEE3700C12AC7 /* Sources */,
				614F6E1C2CFBEE3700C12AC7 /* Frameworks */,
				614F6E1D2CFBEE3700C12AC7 /* Resources */,
			);
			buildRules = (
			);
			dependencies = (
				614F6E212CFBEE3700C12AC7 /* PBXTargetDependency */,
			);
			name = videoPlayerTests;
			productName = videoPlayerTests;
			productReference = 614F6E1F2CFBEE3700C12AC7 /* videoPlayerTests.xctest */;
			productType = "com.apple.product-type.bundle.unit-test";
		};
		614F6E282CFBEE3700C12AC7 /* videoPlayerUITests */ = {
			isa = PBXNativeTarget;
			buildConfigurationList = 614F6E392CFBEE3700C12AC7 /* Build configuration list for PBXNativeTarget "videoPlayerUITests" */;
			buildPhases = (
				614F6E252CFBEE3700C12AC7 /* Sources */,
				614F6E262CFBEE3700C12AC7 /* Frameworks */,
				614F6E272CFBEE3700C12AC7 /* Resources */,
			);
			buildRules = (
			);
			dependencies = (
				614F6E2B2CFBEE3700C12AC7 /* PBXTargetDependency */,
			);
			name = videoPlayerUITests;
			productName = videoPlayerUITests;
			productReference = 614F6E292CFBEE3700C12AC7 /* videoPlayerUITests.xctest */;
			productType = "com.apple.product-type.bundle.ui-testing";
		};
/* End PBXNativeTarget section */

/* Begin PBXProject section */
		614F6E072CFBEE3600C12AC7 /* Project object */ = {
			isa = PBXProject;
			attributes = {
				BuildIndependentTargetsInParallel = 1;
				LastSwiftUpdateCheck = 1540;
				LastUpgradeCheck = 1540;
				TargetAttributes = {
					614F6E0E2CFBEE3600C12AC7 = {
						CreatedOnToolsVersion = 15.4;
					};
					614F6E1E2CFBEE3700C12AC7 = {
						CreatedOnToolsVersion = 15.4;
						TestTargetID = 614F6E0E2CFBEE3600C12AC7;
					};
					614F6E282CFBEE3700C12AC7 = {
						CreatedOnToolsVersion = 15.4;
						TestTargetID = 614F6E0E2CFBEE3600C12AC7;
					};
				};
			};
			buildConfigurationList = 614F6E0A2CFBEE3600C12AC7 /* Build configuration list for PBXProject "videoPlayer" */;
			compatibilityVersion = "Xcode 14.0";
			developmentRegion = en;
			hasScannedForEncodings = 0;
			knownRegions = (
				en,
				Base,
			);
			mainGroup = 614F6E062CFBEE3600C12AC7;
			packageReferences = (
				6165341C2CFBEFB5006DA5E8 /* XCRemoteSwiftPackageReference "swift-composable-architecture" */,
			);
			productRefGroup = 614F6E102CFBEE3600C12AC7 /* Products */;
			projectDirPath = "";
			projectRoot = "";
			targets = (
				614F6E0E2CFBEE3600C12AC7 /* videoPlayer */,
				614F6E1E2CFBEE3700C12AC7 /* videoPlayerTests */,
				614F6E282CFBEE3700C12AC7 /* videoPlayerUITests */,
			);
		};
/* End PBXProject section */

/* Begin PBXResourcesBuildPhase section */
		614F6E0D2CFBEE3600C12AC7 /* Resources */ = {
			isa = PBXResourcesBuildPhase;
			buildActionMask = 2147483647;
			files = (
				614F6E1A2CFBEE3700C12AC7 /* Preview Assets.xcassets in Resources */,
				614F6E172CFBEE3700C12AC7 /* Assets.xcassets in Resources */,
			);
			runOnlyForDeploymentPostprocessing = 0;
		};
		614F6E1D2CFBEE3700C12AC7 /* Resources */ = {
			isa = PBXResourcesBuildPhase;
			buildActionMask = 2147483647;
			files = (
			);
			runOnlyForDeploymentPostprocessing = 0;
		};
		614F6E272CFBEE3700C12AC7 /* Resources */ = {
			isa = PBXResourcesBuildPhase;
			buildActionMask = 2147483647;
			files = (
			);
			runOnlyForDeploymentPostprocessing = 0;
		};
/* End PBXResourcesBuildPhase section */

/* Begin PBXSourcesBuildPhase section */
		614F6E0B2CFBEE3600C12AC7 /* Sources */ = {
			isa = PBXSourcesBuildPhase;
			buildActionMask = 2147483647;
			files = (
				614F6E152CFBEE3600C12AC7 /* ContentView.swift in Sources */,
				616534202CFBF0E2006DA5E8 /* File.swift in Sources */,
				616534282CFBF183006DA5E8 /* z.swift in Sources */,
				614F6E132CFBEE3600C12AC7 /* videoPlayerApp.swift in Sources */,
				616534262CFBF154006DA5E8 /* a.swift in Sources */,
				616534222CFBF103006DA5E8 /* Filea.swift in Sources */,
				616534242CFBF126006DA5E8 /* v.swift in Sources */,
			);
			runOnlyForDeploymentPostprocessing = 0;
		};
		614F6E1B2CFBEE3700C12AC7 /* Sources */ = {
			isa = PBXSourcesBuildPhase;
			buildActionMask = 2147483647;
			files = (
				614F6E242CFBEE3700C12AC7 /* videoPlayerTests.swift in Sources */,
			);
			runOnlyForDeploymentPostprocessing = 0;
		};
		614F6E252CFBEE3700C12AC7 /* Sources */ = {
			isa = PBXSourcesBuildPhase;
			buildActionMask = 2147483647;
			files = (
				614F6E2E2CFBEE3700C12AC7 /* videoPlayerUITests.swift in Sources */,
				614F6E302CFBEE3700C12AC7 /* videoPlayerUITestsLaunchTests.swift in Sources */,
			);
			runOnlyForDeploymentPostprocessing = 0;
		};
/* End PBXSourcesBuildPhase section */

/* Begin PBXTargetDependency section */
		614F6E212CFBEE3700C12AC7 /* PBXTargetDependency */ = {
			isa = PBXTargetDependency;
			target = 614F6E0E2CFBEE3600C12AC7 /* videoPlayer */;
			targetProxy = 614F6E202CFBEE3700C12AC7 /* PBXContainerItemProxy */;
		};
		614F6E2B2CFBEE3700C12AC7 /* PBXTargetDependency */ = {
			isa = PBXTargetDependency;
			target = 614F6E0E2CFBEE3600C12AC7 /* videoPlayer */;
			targetProxy = 614F6E2A2CFBEE3700C12AC7 /* PBXContainerItemProxy */;
		};
/* End PBXTargetDependency section */

/* Begin XCBuildConfiguration section */
		614F6E312CFBEE3700C12AC7 /* Debug */ = {
			isa = XCBuildConfiguration;
			buildSettings = {
				ALWAYS_SEARCH_USER_PATHS = NO;
				ASSETCATALOG_COMPILER_GENERATE_SWIFT_ASSET_SYMBOL_EXTENSIONS = YES;
				CLANG_ANALYZER_NONNULL = YES;
				CLANG_ANALYZER_NUMBER_OBJECT_CONVERSION = YES_AGGRESSIVE;
				CLANG_CXX_LANGUAGE_STANDARD = "gnu++20";
				CLANG_ENABLE_MODULES = YES;
				CLANG_ENABLE_OBJC_ARC = YES;
				CLANG_ENABLE_OBJC_WEAK = YES;
				CLANG_WARN_BLOCK_CAPTURE_AUTORELEASING = YES;
				CLANG_WARN_BOOL_CONVERSION = YES;
				CLANG_WARN_COMMA = YES;
				CLANG_WARN_CONSTANT_CONVERSION = YES;
				CLANG_WARN_DEPRECATED_OBJC_IMPLEMENTATIONS = YES;
				CLANG_WARN_DIRECT_OBJC_ISA_USAGE = YES_ERROR;
				CLANG_WARN_DOCUMENTATION_COMMENTS = YES;
				CLANG_WARN_EMPTY_BODY = YES;
				CLANG_WARN_ENUM_CONVERSION = YES;
				CLANG_WARN_INFINITE_RECURSION = YES;
				CLANG_WARN_INT_CONVERSION = YES;
				CLANG_WARN_NON_LITERAL_NULL_CONVERSION = YES;
				CLANG_WARN_OBJC_IMPLICIT_RETAIN_SELF = YES;
				CLANG_WARN_OBJC_LITERAL_CONVERSION = YES;
				CLANG_WARN_OBJC_ROOT_CLASS = YES_ERROR;
				CLANG_WARN_QUOTED_INCLUDE_IN_FRAMEWORK_HEADER = YES;
				CLANG_WARN_RANGE_LOOP_ANALYSIS = YES;
				CLANG_WARN_STRICT_PROTOTYPES = YES;
				CLANG_WARN_SUSPICIOUS_MOVE = YES;
				CLANG_WARN_UNGUARDED_AVAILABILITY = YES_AGGRESSIVE;
				CLANG_WARN_UNREACHABLE_CODE = YES;
				CLANG_WARN__DUPLICATE_METHOD_MATCH = YES;
				COPY_PHASE_STRIP = NO;
				DEBUG_INFORMATION_FORMAT = dwarf;
				ENABLE_STRICT_OBJC_MSGSEND = YES;
				ENABLE_TESTABILITY = YES;
				ENABLE_USER_SCRIPT_SANDBOXING = YES;
				GCC_C_LANGUAGE_STANDARD = gnu17;
				GCC_DYNAMIC_NO_PIC = NO;
				GCC_NO_COMMON_BLOCKS = YES;
				GCC_OPTIMIZATION_LEVEL = 0;
				GCC_PREPROCESSOR_DEFINITIONS = (
					"DEBUG=1",
					"$(inherited)",
				);
				GCC_WARN_64_TO_32_BIT_CONVERSION = YES;
				GCC_WARN_ABOUT_RETURN_TYPE = YES_ERROR;
				GCC_WARN_UNDECLARED_SELECTOR = YES;
				GCC_WARN_UNINITIALIZED_AUTOS = YES_AGGRESSIVE;
				GCC_WARN_UNUSED_FUNCTION = YES;
				GCC_WARN_UNUSED_VARIABLE = YES;
				IPHONEOS_DEPLOYMENT_TARGET = 17.0;
				LOCALIZATION_PREFERS_STRING_CATALOGS = YES;
				MTL_ENABLE_DEBUG_INFO = INCLUDE_SOURCE;
				MTL_FAST_MATH = YES;
				ONLY_ACTIVE_ARCH = YES;
				SDKROOT = iphoneos;
				SWIFT_ACTIVE_COMPILATION_CONDITIONS = "DEBUG $(inherited)";
				SWIFT_OPTIMIZATION_LEVEL = "-Onone";
			};
			name = Debug;
		};
		614F6E322CFBEE3700C12AC7 /* Release */ = {
			isa = XCBuildConfiguration;
			buildSettings = {
				ALWAYS_SEARCH_USER_PATHS = NO;
				ASSETCATALOG_COMPILER_GENERATE_SWIFT_ASSET_SYMBOL_EXTENSIONS = YES;
				CLANG_ANALYZER_NONNULL = YES;
				CLANG_ANALYZER_NUMBER_OBJECT_CONVERSION = YES_AGGRESSIVE;
				CLANG_CXX_LANGUAGE_STANDARD = "gnu++20";
				CLANG_ENABLE_MODULES = YES;
				CLANG_ENABLE_OBJC_ARC = YES;
				CLANG_ENABLE_OBJC_WEAK = YES;
				CLANG_WARN_BLOCK_CAPTURE_AUTORELEASING = YES;
				CLANG_WARN_BOOL_CONVERSION = YES;
				CLANG_WARN_COMMA = YES;
				CLANG_WARN_CONSTANT_CONVERSION = YES;
				CLANG_WARN_DEPRECATED_OBJC_IMPLEMENTATIONS = YES;
				CLANG_WARN_DIRECT_OBJC_ISA_USAGE = YES_ERROR;
				CLANG_WARN_DOCUMENTATION_COMMENTS = YES;
				CLANG_WARN_EMPTY_BODY = YES;
				CLANG_WARN_ENUM_CONVERSION = YES;
				CLANG_WARN_INFINITE_RECURSION = YES;
				CLANG_WARN_INT_CONVERSION = YES;
				CLANG_WARN_NON_LITERAL_NULL_CONVERSION = YES;
				CLANG_WARN_OBJC_IMPLICIT_RETAIN_SELF = YES;
				CLANG_WARN_OBJC_LITERAL_CONVERSION = YES;
				CLANG_WARN_OBJC_ROOT_CLASS = YES_ERROR;
				CLANG_WARN_QUOTED_INCLUDE_IN_FRAMEWORK_HEADER = YES;
				CLANG_WARN_RANGE_LOOP_ANALYSIS = YES;
				CLANG_WARN_STRICT_PROTOTYPES = YES;
				CLANG_WARN_SUSPICIOUS_MOVE = YES;
				CLANG_WARN_UNGUARDED_AVAILABILITY = YES_AGGRESSIVE;
				CLANG_WARN_UNREACHABLE_CODE = YES;
				CLANG_WARN__DUPLICATE_METHOD_MATCH = YES;
				COPY_PHASE_STRIP = NO;
				DEBUG_INFORMATION_FORMAT = "dwarf-with-dsym";
				ENABLE_NS_ASSERTIONS = NO;
				ENABLE_STRICT_OBJC_MSGSEND = YES;
				ENABLE_USER_SCRIPT_SANDBOXING = YES;
				GCC_C_LANGUAGE_STANDARD = gnu17;
				GCC_NO_COMMON_BLOCKS = YES;
				GCC_WARN_64_TO_32_BIT_CONVERSION = YES;
				GCC_WARN_ABOUT_RETURN_TYPE = YES_ERROR;
				GCC_WARN_UNDECLARED_SELECTOR = YES;
				GCC_WARN_UNINITIALIZED_AUTOS = YES_AGGRESSIVE;
				GCC_WARN_UNUSED_FUNCTION = YES;
				GCC_WARN_UNUSED_VARIABLE = YES;
				IPHONEOS_DEPLOYMENT_TARGET = 17.0;
				LOCALIZATION_PREFERS_STRING_CATALOGS = YES;
				MTL_ENABLE_DEBUG_INFO = NO;
				MTL_FAST_MATH = YES;
				SDKROOT = iphoneos;
				SWIFT_COMPILATION_MODE = wholemodule;
				VALIDATE_PRODUCT = YES;
			};
			name = Release;
		};
		614F6E342CFBEE3700C12AC7 /* Debug */ = {
			isa = XCBuildConfiguration;
			buildSettings = {
				ASSETCATALOG_COMPILER_APPICON_NAME = AppIcon;
				ASSETCATALOG_COMPILER_GLOBAL_ACCENT_COLOR_NAME = AccentColor;
				CODE_SIGN_STYLE = Automatic;
				CURRENT_PROJECT_VERSION = 1;
				DEVELOPMENT_ASSET_PATHS = "\"videoPlayer/Preview Content\"";
				DEVELOPMENT_TEAM = 4YZQY4C47E;
				ENABLE_PREVIEWS = YES;
				GENERATE_INFOPLIST_FILE = YES;
				INFOPLIST_KEY_UIApplicationSceneManifest_Generation = YES;
				INFOPLIST_KEY_UIApplicationSupportsIndirectInputEvents = YES;
				INFOPLIST_KEY_UILaunchScreen_Generation = YES;
				INFOPLIST_KEY_UISupportedInterfaceOrientations_iPad = "UIInterfaceOrientationPortrait UIInterfaceOrientationPortraitUpsideDown UIInterfaceOrientationLandscapeLeft UIInterfaceOrientationLandscapeRight";
				INFOPLIST_KEY_UISupportedInterfaceOrientations_iPhone = "UIInterfaceOrientationPortrait UIInterfaceOrientationLandscapeLeft UIInterfaceOrientationLandscapeRight";
				LD_RUNPATH_SEARCH_PATHS = (
					"$(inherited)",
					"@executable_path/Frameworks",
				);
				MARKETING_VERSION = 1.0;
				PRODUCT_BUNDLE_IDENTIFIER = com.entaku.videoPlayer;
				PRODUCT_NAME = "$(TARGET_NAME)";
				SWIFT_EMIT_LOC_STRINGS = YES;
				SWIFT_VERSION = 5.0;
				TARGETED_DEVICE_FAMILY = "1,2";
			};
			name = Debug;
		};
		614F6E352CFBEE3700C12AC7 /* Release */ = {
			isa = XCBuildConfiguration;
			buildSettings = {
				ASSETCATALOG_COMPILER_APPICON_NAME = AppIcon;
				ASSETCATALOG_COMPILER_GLOBAL_ACCENT_COLOR_NAME = AccentColor;
				CODE_SIGN_STYLE = Automatic;
				CURRENT_PROJECT_VERSION = 1;
				DEVELOPMENT_ASSET_PATHS = "\"videoPlayer/Preview Content\"";
				DEVELOPMENT_TEAM = 4YZQY4C47E;
				ENABLE_PREVIEWS = YES;
				GENERATE_INFOPLIST_FILE = YES;
				INFOPLIST_KEY_UIApplicationSceneManifest_Generation = YES;
				INFOPLIST_KEY_UIApplicationSupportsIndirectInputEvents = YES;
				INFOPLIST_KEY_UILaunchScreen_Generation = YES;
				INFOPLIST_KEY_UISupportedInterfaceOrientations_iPad = "UIInterfaceOrientationPortrait UIInterfaceOrientationPortraitUpsideDown UIInterfaceOrientationLandscapeLeft UIInterfaceOrientationLandscapeRight";
				INFOPLIST_KEY_UISupportedInterfaceOrientations_iPhone = "UIInterfaceOrientationPortrait UIInterfaceOrientationLandscapeLeft UIInterfaceOrientationLandscapeRight";
				LD_RUNPATH_SEARCH_PATHS = (
					"$(inherited)",
					"@executable_path/Frameworks",
				);
				MARKETING_VERSION = 1.0;
				PRODUCT_BUNDLE_IDENTIFIER = com.entaku.videoPlayer;
				PRODUCT_NAME = "$(TARGET_NAME)";
				SWIFT_EMIT_LOC_STRINGS = YES;
				SWIFT_VERSION = 5.0;
				TARGETED_DEVICE_FAMILY = "1,2";
			};
			name = Release;
		};
		614F6E372CFBEE3700C12AC7 /* Debug */ = {
			isa = XCBuildConfiguration;
			buildSettings = {
				ALWAYS_EMBED_SWIFT_STANDARD_LIBRARIES = YES;
				BUNDLE_LOADER = "$(TEST_HOST)";
				CODE_SIGN_STYLE = Automatic;
				CURRENT_PROJECT_VERSION = 1;
				DEVELOPMENT_TEAM = 4YZQY4C47E;
				GENERATE_INFOPLIST_FILE = YES;
				IPHONEOS_DEPLOYMENT_TARGET = 17.5;
				MARKETING_VERSION = 1.0;
				PRODUCT_BUNDLE_IDENTIFIER = com.entaku.videoPlayerTests;
				PRODUCT_NAME = "$(TARGET_NAME)";
				SWIFT_EMIT_LOC_STRINGS = NO;
				SWIFT_VERSION = 5.0;
				TARGETED_DEVICE_FAMILY = "1,2";
				TEST_HOST = "$(BUILT_PRODUCTS_DIR)/videoPlayer.app/$(BUNDLE_EXECUTABLE_FOLDER_PATH)/videoPlayer";
			};
			name = Debug;
		};
		614F6E382CFBEE3700C12AC7 /* Release */ = {
			isa = XCBuildConfiguration;
			buildSettings = {
				ALWAYS_EMBED_SWIFT_STANDARD_LIBRARIES = YES;
				BUNDLE_LOADER = "$(TEST_HOST)";
				CODE_SIGN_STYLE = Automatic;
				CURRENT_PROJECT_VERSION = 1;
				DEVELOPMENT_TEAM = 4YZQY4C47E;
				GENERATE_INFOPLIST_FILE = YES;
				IPHONEOS_DEPLOYMENT_TARGET = 17.5;
				MARKETING_VERSION = 1.0;
				PRODUCT_BUNDLE_IDENTIFIER = com.entaku.videoPlayerTests;
				PRODUCT_NAME = "$(TARGET_NAME)";
				SWIFT_EMIT_LOC_STRINGS = NO;
				SWIFT_VERSION = 5.0;
				TARGETED_DEVICE_FAMILY = "1,2";
				TEST_HOST = "$(BUILT_PRODUCTS_DIR)/videoPlayer.app/$(BUNDLE_EXECUTABLE_FOLDER_PATH)/videoPlayer";
			};
			name = Release;
		};
		614F6E3A2CFBEE3700C12AC7 /* Debug */ = {
			isa = XCBuildConfiguration;
			buildSettings = {
				ALWAYS_EMBED_SWIFT_STANDARD_LIBRARIES = YES;
				CODE_SIGN_STYLE = Automatic;
				CURRENT_PROJECT_VERSION = 1;
				DEVELOPMENT_TEAM = 4YZQY4C47E;
				GENERATE_INFOPLIST_FILE = YES;
				MARKETING_VERSION = 1.0;
				PRODUCT_BUNDLE_IDENTIFIER = com.entaku.videoPlayerUITests;
				PRODUCT_NAME = "$(TARGET_NAME)";
				SWIFT_EMIT_LOC_STRINGS = NO;
				SWIFT_VERSION = 5.0;
				TARGETED_DEVICE_FAMILY = "1,2";
				TEST_TARGET_NAME = videoPlayer;
			};
			name = Debug;
		};
		614F6E3B2CFBEE3700C12AC7 /* Release */ = {
			isa = XCBuildConfiguration;
			buildSettings = {
				ALWAYS_EMBED_SWIFT_STANDARD_LIBRARIES = YES;
				CODE_SIGN_STYLE = Automatic;
				CURRENT_PROJECT_VERSION = 1;
				DEVELOPMENT_TEAM = 4YZQY4C47E;
				GENERATE_INFOPLIST_FILE = YES;
				MARKETING_VERSION = 1.0;
				PRODUCT_BUNDLE_IDENTIFIER = com.entaku.videoPlayerUITests;
				PRODUCT_NAME = "$(TARGET_NAME)";
				SWIFT_EMIT_LOC_STRINGS = NO;
				SWIFT_VERSION = 5.0;
				TARGETED_DEVICE_FAMILY = "1,2";
				TEST_TARGET_NAME = videoPlayer;
			};
			name = Release;
		};
/* End XCBuildConfiguration section */

/* Begin XCConfigurationList section */
		614F6E0A2CFBEE3600C12AC7 /* Build configuration list for PBXProject "videoPlayer" */ = {
			isa = XCConfigurationList;
			buildConfigurations = (
				614F6E312CFBEE3700C12AC7 /* Debug */,
				614F6E322CFBEE3700C12AC7 /* Release */,
			);
			defaultConfigurationIsVisible = 0;
			defaultConfigurationName = Release;
		};
		614F6E332CFBEE3700C12AC7 /* Build configuration list for PBXNativeTarget "videoPlayer" */ = {
			isa = XCConfigurationList;
			buildConfigurations = (
				614F6E342CFBEE3700C12AC7 /* Debug */,
				614F6E352CFBEE3700C12AC7 /* Release */,
			);
			defaultConfigurationIsVisible = 0;
			defaultConfigurationName = Release;
		};
		614F6E362CFBEE3700C12AC7 /* Build configuration list for PBXNativeTarget "videoPlayerTests" */ = {
			isa = XCConfigurationList;
			buildConfigurations = (
				614F6E372CFBEE3700C12AC7 /* Debug */,
				614F6E382CFBEE3700C12AC7 /* Release */,
			);
			defaultConfigurationIsVisible = 0;
			defaultConfigurationName = Release;
		};
		614F6E392CFBEE3700C12AC7 /* Build configuration list for PBXNativeTarget "videoPlayerUITests" */ = {
			isa = XCConfigurationList;
			buildConfigurations = (
				614F6E3A2CFBEE3700C12AC7 /* Debug */,
				614F6E3B2CFBEE3700C12AC7 /* Release */,
			);
			defaultConfigurationIsVisible = 0;
			defaultConfigurationName = Release;
		};
/* End XCConfigurationList section */

/* Begin XCRemoteSwiftPackageReference section */
		6165341C2CFBEFB5006DA5E8 /* XCRemoteSwiftPackageReference "swift-composable-architecture" */ = {
			isa = XCRemoteSwiftPackageReference;
			repositoryURL = "https://github.com/pointfreeco/swift-composable-architecture.git";
			requirement = {
				kind = upToNextMajorVersion;
				minimumVersion = 1.16.0;
			};
		};
/* End XCRemoteSwiftPackageReference section */

/* Begin XCSwiftPackageProductDependency section */
		6165341D2CFBEFB5006DA5E8 /* ComposableArchitecture */ = {
			isa = XCSwiftPackageProductDependency;
			package = 6165341C2CFBEFB5006DA5E8 /* XCRemoteSwiftPackageReference "swift-composable-architecture" */;
			productName = ComposableArchitecture;
		};
/* End XCSwiftPackageProductDependency section */
	};
	rootObject = 614F6E072CFBEE3600C12AC7 /* Project object */;
}
